{
    "_meta": {
        "hash": {
            "sha256": "bb5999287b87ec5b65fa16a4b053b8f4bed5c911b838e726055bc012218ca93f"
        },
        "pipfile-spec": 6,
        "requires": {
            "python_version": "3.9"
        },
        "sources": [
            {
                "name": "pypi",
                "url": "https://pypi.org/simple",
                "verify_ssl": true
            }
        ]
    },
    "default": {
        "certifi": {
            "hashes": [
                "sha256:2bbf76fd432960138b3ef6dda3dde0544f27cbf8546c458e60baf371917ba9ee",
                "sha256:50b1e4f8446b06f41be7dd6338db18e0990601dce795c2b1686458aa7e8fa7d8"
            ],
            "version": "==2021.5.30"
        },
        "chardet": {
            "hashes": [
                "sha256:84ab92ed1c4d4f16916e05906b6b75a6c0fb5db821cc65e70cbd64a3e2a5eaae",
                "sha256:fc323ffcaeaed0e0a02bf4d117757b98aed530d9ed4531e3e15460124c106691"
            ],
            "version": "==3.0.4"
        },
        "idna": {
            "hashes": [
                "sha256:156a6814fb5ac1fc6850fb002e0852d56c0c8d2531923a51032d1b70760e186e",
                "sha256:684a38a6f903c1d71d6d5fac066b58d7768af4de2b832e426ec79c30daa94a16"
            ],
            "version": "==2.7"
        },
        "pyobjc-core": {
            "hashes": [
                "sha256:4e93ad769a20b908778fe950f62a843a6d8f0fa71996e5f3cc9fab5ae7d17771",
                "sha256:5081aedf8bb40aac1a8ad95adac9e44e148a882686ded614adf46bb67fd67574",
                "sha256:8d5e12a0729dfd1d998a861998b422d0a3e41923d75ea229bacf31372c831d7b",
                "sha256:9f63fd37bbf3785af4ddb2f86cad5ca81c62cfc7d1c0099637ca18343c3656c1",
                "sha256:e9b1311f72f2e170742a7ee3a8149f52c35158dc024a21e88d6f1e52ba5d718b",
                "sha256:efdee8c4884405e0c0186c57f87d7bfaa0abc1f50b18e865db3caea3a1f329b9"
            ],
            "markers": "python_version >= '3.6'",
            "version": "==7.3"
        },
        "pyobjc-framework-cocoa": {
            "hashes": [
                "sha256:2e8e7a1a82cca21d9bfac9115baf065305f3da577bf240085964dfb9c9fff337",
                "sha256:35a6340437a4e0109a302150b7d1f6baf57004ccf74834f9e6062fcafe2fd8d7",
                "sha256:6c15f43077c9a2ba1853eb402ff7a9515df9e584315bc2fcb779d4c95ef46dc5",
                "sha256:7c3886f2608ab3ed02482f8b2ebf9f782b324c559e84b52cfd92dba8a1109872",
                "sha256:9edffdfa6dd1f71f21b531c3e61fdd3e4d5d3bf6c5a528c98e88828cd60bac11",
                "sha256:b18d05e7a795a3455ad191c3e43d6bfa673c2a4fd480bb1ccf57191051b80b7e"
            ],
            "markers": "python_version >= '3.6'",
            "version": "==7.3"
        },
        "python-vlc": {
            "hashes": [
                "sha256:566f2f7c303f6800851cacc016df1c6eeec094ad63e0a49d87db9d698094f1fb",
                "sha256:f88be06c6f819a4db2de1c586b193b5df1410ff10fca33b8c6f4e56037c46f7b"
            ],
            "index": "pypi",
            "version": "==3.0.12118"
        },
        "requests": {
            "hashes": [
                "sha256:99dcfdaaeb17caf6e526f32b6a7b780461512ab3f1d992187801694cba42770c",
                "sha256:a84b8c9ab6239b578f22d1c21d51b696dcfe004032bb80ea832398d6909d7279"
            ],
            "index": "pypi",
            "version": "==2.20.0"
        },
        "rumps": {
            "hashes": [
                "sha256:c8df19347c661cac8906fffd410727c6000f978a6c8c44a2803a1786b35c4c1f",
                "sha256:e5ea41ce62312a0f1fa4280fc587bd8b5c6ff7ed0be219752c95f013109d148a"
            ],
            "index": "pypi",
            "version": "==0.3.0"
        },
        "urllib3": {
            "hashes": [
                "sha256:2393a695cd12afedd0dcb26fe5d50d0cf248e5a66f75dbd89a3d4eb333a61af4",
                "sha256:a637e5fae88995b256e3409dc4d52c2e2e0ba32c42a6365fee8bbd2238de3cfb"
            ],
            "markers": "python_version >= '2.7' and python_version not in '3.0, 3.1, 3.2, 3.3' and python_version < '4'",
            "version": "==1.24.3"
        }
    },
    "develop": {}
}
